
Microsoft Visual Studio Solution File, Format Version 12.00
# Visual Studio Version 16
VisualStudioVersion = 16.0.30517.126
MinimumVisualStudioVersion = 10.0.40219.1
Project("{FAE04EC0-301F-11D3-BF4B-00C04F79EFBC}") = "PlaylistDB", "PlaylistDB\PlaylistDB.csproj", "{39949B63-032F-4F05-B4E5-CF5A7459E917}"
EndProject
Global
	GlobalSection(SolutionConfigurationPlatforms) = preSolution
		Debug|Any CPU = Debug|Any CPU
		Release|Any CPU = Release|Any CPU
	EndGlobalSection
	GlobalSection(ProjectConfigurationPlatforms) = postSolution
		{39949B63-032F-4F05-B4E5-CF5A7459E917}.Debug|Any CPU.ActiveCfg = Debug|Any CPU
		{39949B63-032F-4F05-B4E5-CF5A7459E917}.Debug|Any CPU.Build.0 = Debug|Any CPU
		{39949B63-032F-4F05-B4E5-CF5A7459E917}.Release|Any CPU.ActiveCfg = Release|Any CPU
		{39949B63-032F-4F05-B4E5-CF5A7459E917}.Release|Any CPU.Build.0 = Release|Any CPU
	EndGlobalSection
	GlobalSection(SolutionProperties) = preSolution
		HideSolutionNode = FALSE
	EndGlobalSection
	GlobalSection(ExtensibilityGlobals) = postSolution
		SolutionGuid = {2B44FB40-63A4-4DD0-9A2F-E769ABCDCCC3}
	EndGlobalSection
EndGlobal
