
Microsoft Visual Studio Solution File, Format Version 12.00
# Visual Studio Version 16
VisualStudioVersion = 16.0.30517.126
MinimumVisualStudioVersion = 10.0.40219.1
Project("{FAE04EC0-301F-11D3-BF4B-00C04F79EFBC}") = "MusicDB", "MusicDB\MusicDB.csproj", "{CAC69DA6-7A46-4714-9B37-19CA556183E3}"
EndProject
Global
	GlobalSection(SolutionConfigurationPlatforms) = preSolution
		Debug|Any CPU = Debug|Any CPU
		Release|Any CPU = Release|Any CPU
	EndGlobalSection
	GlobalSection(ProjectConfigurationPlatforms) = postSolution
		{CAC69DA6-7A46-4714-9B37-19CA556183E3}.Debug|Any CPU.ActiveCfg = Debug|Any CPU
		{CAC69DA6-7A46-4714-9B37-19CA556183E3}.Debug|Any CPU.Build.0 = Debug|Any CPU
		{CAC69DA6-7A46-4714-9B37-19CA556183E3}.Release|Any CPU.ActiveCfg = Release|Any CPU
		{CAC69DA6-7A46-4714-9B37-19CA556183E3}.Release|Any CPU.Build.0 = Release|Any CPU
	EndGlobalSection
	GlobalSection(SolutionProperties) = preSolution
		HideSolutionNode = FALSE
	EndGlobalSection
	GlobalSection(ExtensibilityGlobals) = postSolution
		SolutionGuid = {18F3353A-5F15-43D6-A9E4-8B275110E537}
	EndGlobalSection
EndGlobal
